github.com/goccy/go-json v0.7.4 h1:B44qRUFwz/vxPKPISQ1KhvzRi9kZ28RAf6YtjriBZ5k=
github.com/goccy/go-json v0.7.4/go.mod h1:6MelG93GURQebXPDq3khkgXZkazVtN9CRI+MGFi0w8I=
github.com/kpango/fastime v1.0.17 h1:IZOBLEJrr2MIpsY1ihGhpkY+9pEikJWYwPEMu0/VdcY=
github.com/kpango/fastime v1.0.17/go.mod h1:lVqUTcXmQnk1wriyvq5DElbRSRDC0XtqbXQRdz0Eo+g=
github.com/kpango/glg v1.6.4 h1:r1oCPNDOXRvS64idr4b2NoVNORNfJjOedOAU10PrfO8=
github.com/kpango/glg v1.6.4/go.mod h1:nW5//GFgKG9rCvrDj+4AK4lBS8X608jtBIOyO+EoWXc=
